// !$*UTF8*$!
{
	archiveVersion = 1;
	classes = {
	};
	objectVersion = 51;
	objects = {

/* Begin PBXBuildFile section */
		9041207BEA66A49BCF39FA60 /* Pods_ParstagramTests.framework in Frameworks */ = {isa = PBXBuildFile; fileRef = A10D3EFC0D5B62E56F700BE3 /* Pods_ParstagramTests.framework */; };
		A17AFEF349BC04515401565F /* Pods_Parstagram.framework in Frameworks */ = {isa = PBXBuildFile; fileRef = A6C2973CC92BCB5EA295200E /* Pods_Parstagram.framework */; };
		A7622D53254777D500A12AE4 /* AppDelegate.swift in Sources */ = {isa = PBXBuildFile; fileRef = A7622D52254777D500A12AE4 /* AppDelegate.swift */; };
		A7622D55254777D500A12AE4 /* SceneDelegate.swift in Sources */ = {isa = PBXBuildFile; fileRef = A7622D54254777D500A12AE4 /* SceneDelegate.swift */; };
		A7622D5A254777D500A12AE4 /* Main.storyboard in Resources */ = {isa = PBXBuildFile; fileRef = A7622D58254777D500A12AE4 /* Main.storyboard */; };
		A7622D5C254777D800A12AE4 /* Assets.xcassets in Resources */ = {isa = PBXBuildFile; fileRef = A7622D5B254777D800A12AE4 /* Assets.xcassets */; };
		A7622D5F254777D800A12AE4 /* LaunchScreen.storyboard in Resources */ = {isa = PBXBuildFile; fileRef = A7622D5D254777D800A12AE4 /* LaunchScreen.storyboard */; };
		A7622D6A254777D800A12AE4 /* ParstagramTests.swift in Sources */ = {isa = PBXBuildFile; fileRef = A7622D69254777D800A12AE4 /* ParstagramTests.swift */; };
		A7622D75254777D800A12AE4 /* ParstagramUITests.swift in Sources */ = {isa = PBXBuildFile; fileRef = A7622D74254777D800A12AE4 /* ParstagramUITests.swift */; };
		A7622D8C25477B7B00A12AE4 /* LoginViewController.swift in Sources */ = {isa = PBXBuildFile; fileRef = A7622D8B25477B7B00A12AE4 /* LoginViewController.swift */; };
		A7622D9125477B8A00A12AE4 /* FeedViewController.swift in Sources */ = {isa = PBXBuildFile; fileRef = A7622D9025477B8A00A12AE4 /* FeedViewController.swift */; };
		A7622D9F2547992200A12AE4 /* CameraViewController.swift in Sources */ = {isa = PBXBuildFile; fileRef = A7622D9E2547992200A12AE4 /* CameraViewController.swift */; };
		A7622DCE2547B68500A12AE4 /* PostCell.swift in Sources */ = {isa = PBXBuildFile; fileRef = A7622DCD2547B68500A12AE4 /* PostCell.swift */; };
		B15A1B1FAAF47C617486027B /* Pods_Parstagram_ParstagramUITests.framework in Frameworks */ = {isa = PBXBuildFile; fileRef = B54ADBC36D0F992097FC63AE /* Pods_Parstagram_ParstagramUITests.framework */; };
/* End PBXBuildFile section */

/* Begin PBXContainerItemProxy section */
		A7622D66254777D800A12AE4 /* PBXContainerItemProxy */ = {
			isa = PBXContainerItemProxy;
			containerPortal = A7622D47254777D500A12AE4 /* Project object */;
			proxyType = 1;
			remoteGlobalIDString = A7622D4E254777D500A12AE4;
			remoteInfo = Parstagram;
		};
		A7622D71254777D800A12AE4 /* PBXContainerItemProxy */ = {
			isa = PBXContainerItemProxy;
			containerPortal = A7622D47254777D500A12AE4 /* Project object */;
			proxyType = 1;
			remoteGlobalIDString = A7622D4E254777D500A12AE4;
			remoteInfo = Parstagram;
		};
/* End PBXContainerItemProxy section */

/* Begin PBXFileReference section */
		2A91E9BDCB302357F1CBE9EE /* Pods-Parstagram-ParstagramUITests.debug.xcconfig */ = {isa = PBXFileReference; includeInIndex = 1; lastKnownFileType = text.xcconfig; name = "Pods-Parstagram-ParstagramUITests.debug.xcconfig"; path = "Target Support Files/Pods-Parstagram-ParstagramUITests/Pods-Parstagram-ParstagramUITests.debug.xcconfig"; sourceTree = "<group>"; };
		36FFB181840AD552E247C63B /* Pods-Parstagram-ParstagramUITests.release.xcconfig */ = {isa = PBXFileReference; includeInIndex = 1; lastKnownFileType = text.xcconfig; name = "Pods-Parstagram-ParstagramUITests.release.xcconfig"; path = "Target Support Files/Pods-Parstagram-ParstagramUITests/Pods-Parstagram-ParstagramUITests.release.xcconfig"; sourceTree = "<group>"; };
		8F8A4E57091BABF3ED19814B /* Pods-Parstagram.release.xcconfig */ = {isa = PBXFileReference; includeInIndex = 1; lastKnownFileType = text.xcconfig; name = "Pods-Parstagram.release.xcconfig"; path = "Target Support Files/Pods-Parstagram/Pods-Parstagram.release.xcconfig"; sourceTree = "<group>"; };
		8FB3B2A0BB8E9C188285105F /* Pods-ParstagramTests.debug.xcconfig */ = {isa = PBXFileReference; includeInIndex = 1; lastKnownFileType = text.xcconfig; name = "Pods-ParstagramTests.debug.xcconfig"; path = "Target Support Files/Pods-ParstagramTests/Pods-ParstagramTests.debug.xcconfig"; sourceTree = "<group>"; };
		9AC4DB6F18BE17A481D0898D /* Pods-Parstagram.debug.xcconfig */ = {isa = PBXFileReference; includeInIndex = 1; lastKnownFileType = text.xcconfig; name = "Pods-Parstagram.debug.xcconfig"; path = "Target Support Files/Pods-Parstagram/Pods-Parstagram.debug.xcconfig"; sourceTree = "<group>"; };
		A10D3EFC0D5B62E56F700BE3 /* Pods_ParstagramTests.framework */ = {isa = PBXFileReference; explicitFileType = wrapper.framework; includeInIndex = 0; path = Pods_ParstagramTests.framework; sourceTree = BUILT_PRODUCTS_DIR; };
		A6C2973CC92BCB5EA295200E /* Pods_Parstagram.framework */ = {isa = PBXFileReference; explicitFileType = wrapper.framework; includeInIndex = 0; path = Pods_Parstagram.framework; sourceTree = BUILT_PRODUCTS_DIR; };
		A7622D4F254777D500A12AE4 /* Parstagram.app */ = {isa = PBXFileReference; explicitFileType = wrapper.application; includeInIndex = 0; path = Parstagram.app; sourceTree = BUILT_PRODUCTS_DIR; };
		A7622D52254777D500A12AE4 /* AppDelegate.swift */ = {isa = PBXFileReference; lastKnownFileType = sourcecode.swift; path = AppDelegate.swift; sourceTree = "<group>"; };
		A7622D54254777D500A12AE4 /* SceneDelegate.swift */ = {isa = PBXFileReference; lastKnownFileType = sourcecode.swift; path = SceneDelegate.swift; sourceTree = "<group>"; };
		A7622D59254777D500A12AE4 /* Base */ = {isa = PBXFileReference; lastKnownFileType = file.storyboard; name = Base; path = Base.lproj/Main.storyboard; sourceTree = "<group>"; };
		A7622D5B254777D800A12AE4 /* Assets.xcassets */ = {isa = PBXFileReference; lastKnownFileType = folder.assetcatalog; path = Assets.xcassets; sourceTree = "<group>"; };
		A7622D5E254777D800A12AE4 /* Base */ = {isa = PBXFileReference; lastKnownFileType = file.storyboard; name = Base; path = Base.lproj/LaunchScreen.storyboard; sourceTree = "<group>"; };
		A7622D60254777D800A12AE4 /* Info.plist */ = {isa = PBXFileReference; lastKnownFileType = text.plist.xml; path = Info.plist; sourceTree = "<group>"; };
		A7622D65254777D800A12AE4 /* ParstagramTests.xctest */ = {isa = PBXFileReference; explicitFileType = wrapper.cfbundle; includeInIndex = 0; path = ParstagramTests.xctest; sourceTree = BUILT_PRODUCTS_DIR; };
		A7622D69254777D800A12AE4 /* ParstagramTests.swift */ = {isa = PBXFileReference; lastKnownFileType = sourcecode.swift; path = ParstagramTests.swift; sourceTree = "<group>"; };
		A7622D6B254777D800A12AE4 /* Info.plist */ = {isa = PBXFileReference; lastKnownFileType = text.plist.xml; path = Info.plist; sourceTree = "<group>"; };
		A7622D70254777D800A12AE4 /* ParstagramUITests.xctest */ = {isa = PBXFileReference; explicitFileType = wrapper.cfbundle; includeInIndex = 0; path = ParstagramUITests.xctest; sourceTree = BUILT_PRODUCTS_DIR; };
		A7622D74254777D800A12AE4 /* ParstagramUITests.swift */ = {isa = PBXFileReference; lastKnownFileType = sourcecode.swift; path = ParstagramUITests.swift; sourceTree = "<group>"; };
		A7622D76254777D800A12AE4 /* Info.plist */ = {isa = PBXFileReference; lastKnownFileType = text.plist.xml; path = Info.plist; sourceTree = "<group>"; };
		A7622D8B25477B7B00A12AE4 /* LoginViewController.swift */ = {isa = PBXFileReference; lastKnownFileType = sourcecode.swift; path = LoginViewController.swift; sourceTree = "<group>"; };
		A7622D9025477B8A00A12AE4 /* FeedViewController.swift */ = {isa = PBXFileReference; lastKnownFileType = sourcecode.swift; path = FeedViewController.swift; sourceTree = "<group>"; };
		A7622D9E2547992200A12AE4 /* CameraViewController.swift */ = {isa = PBXFileReference; lastKnownFileType = sourcecode.swift; path = CameraViewController.swift; sourceTree = "<group>"; };
		A7622DCD2547B68500A12AE4 /* PostCell.swift */ = {isa = PBXFileReference; lastKnownFileType = sourcecode.swift; path = PostCell.swift; sourceTree = "<group>"; };
		B54ADBC36D0F992097FC63AE /* Pods_Parstagram_ParstagramUITests.framework */ = {isa = PBXFileReference; explicitFileType = wrapper.framework; includeInIndex = 0; path = Pods_Parstagram_ParstagramUITests.framework; sourceTree = BUILT_PRODUCTS_DIR; };
		FE0E4F9D36DEC1772D6C6BC7 /* Pods-ParstagramTests.release.xcconfig */ = {isa = PBXFileReference; includeInIndex = 1; lastKnownFileType = text.xcconfig; name = "Pods-ParstagramTests.release.xcconfig"; path = "Target Support Files/Pods-ParstagramTests/Pods-ParstagramTests.release.xcconfig"; sourceTree = "<group>"; };
/* End PBXFileReference section */

/* Begin PBXFrameworksBuildPhase section */
		A7622D4C254777D500A12AE4 /* Frameworks */ = {
			isa = PBXFrameworksBuildPhase;
			buildActionMask = 2147483647;
			files = (
				A17AFEF349BC04515401565F /* Pods_Parstagram.framework in Frameworks */,
			);
			runOnlyForDeploymentPostprocessing = 0;
		};
		A7622D62254777D800A12AE4 /* Frameworks */ = {
			isa = PBXFrameworksBuildPhase;
			buildActionMask = 2147483647;
			files = (
				9041207BEA66A49BCF39FA60 /* Pods_ParstagramTests.framework in Frameworks */,
			);
			runOnlyForDeploymentPostprocessing = 0;
		};
		A7622D6D254777D800A12AE4 /* Frameworks */ = {
			isa = PBXFrameworksBuildPhase;
			buildActionMask = 2147483647;
			files = (
				B15A1B1FAAF47C617486027B /* Pods_Parstagram_ParstagramUITests.framework in Frameworks */,
			);
			runOnlyForDeploymentPostprocessing = 0;
		};
/* End PBXFrameworksBuildPhase section */

/* Begin PBXGroup section */
		3E10BE8FEE5F81BE904213B5 /* Frameworks */ = {
			isa = PBXGroup;
			children = (
				A6C2973CC92BCB5EA295200E /* Pods_Parstagram.framework */,
				B54ADBC36D0F992097FC63AE /* Pods_Parstagram_ParstagramUITests.framework */,
				A10D3EFC0D5B62E56F700BE3 /* Pods_ParstagramTests.framework */,
			);
			name = Frameworks;
			sourceTree = "<group>";
		};
		44C5CEC4825DBDEA82F0E7DA /* Pods */ = {
			isa = PBXGroup;
			children = (
				9AC4DB6F18BE17A481D0898D /* Pods-Parstagram.debug.xcconfig */,
				8F8A4E57091BABF3ED19814B /* Pods-Parstagram.release.xcconfig */,
				2A91E9BDCB302357F1CBE9EE /* Pods-Parstagram-ParstagramUITests.debug.xcconfig */,
				36FFB181840AD552E247C63B /* Pods-Parstagram-ParstagramUITests.release.xcconfig */,
				8FB3B2A0BB8E9C188285105F /* Pods-ParstagramTests.debug.xcconfig */,
				FE0E4F9D36DEC1772D6C6BC7 /* Pods-ParstagramTests.release.xcconfig */,
			);
			path = Pods;
			sourceTree = "<group>";
		};
		A7622D46254777D500A12AE4 = {
			isa = PBXGroup;
			children = (
				A7622D51254777D500A12AE4 /* Parstagram */,
				A7622D68254777D800A12AE4 /* ParstagramTests */,
				A7622D73254777D800A12AE4 /* ParstagramUITests */,
				A7622D50254777D500A12AE4 /* Products */,
				44C5CEC4825DBDEA82F0E7DA /* Pods */,
				3E10BE8FEE5F81BE904213B5 /* Frameworks */,
			);
			sourceTree = "<group>";
		};
		A7622D50254777D500A12AE4 /* Products */ = {
			isa = PBXGroup;
			children = (
				A7622D4F254777D500A12AE4 /* Parstagram.app */,
				A7622D65254777D800A12AE4 /* ParstagramTests.xctest */,
				A7622D70254777D800A12AE4 /* ParstagramUITests.xctest */,
			);
			name = Products;
			sourceTree = "<group>";
		};
		A7622D51254777D500A12AE4 /* Parstagram */ = {
			isa = PBXGroup;
			children = (
				A7622D52254777D500A12AE4 /* AppDelegate.swift */,
				A7622D54254777D500A12AE4 /* SceneDelegate.swift */,
				A7622D58254777D500A12AE4 /* Main.storyboard */,
				A7622D5B254777D800A12AE4 /* Assets.xcassets */,
				A7622D5D254777D800A12AE4 /* LaunchScreen.storyboard */,
				A7622D60254777D800A12AE4 /* Info.plist */,
				A7622D8B25477B7B00A12AE4 /* LoginViewController.swift */,
				A7622D9025477B8A00A12AE4 /* FeedViewController.swift */,
				A7622D9E2547992200A12AE4 /* CameraViewController.swift */,
				A7622DCD2547B68500A12AE4 /* PostCell.swift */,
			);
			path = Parstagram;
			sourceTree = "<group>";
		};
		A7622D68254777D800A12AE4 /* ParstagramTests */ = {
			isa = PBXGroup;
			children = (
				A7622D69254777D800A12AE4 /* ParstagramTests.swift */,
				A7622D6B254777D800A12AE4 /* Info.plist */,
			);
			path = ParstagramTests;
			sourceTree = "<group>";
		};
		A7622D73254777D800A12AE4 /* ParstagramUITests */ = {
			isa = PBXGroup;
			children = (
				A7622D74254777D800A12AE4 /* ParstagramUITests.swift */,
				A7622D76254777D800A12AE4 /* Info.plist */,
			);
			path = ParstagramUITests;
			sourceTree = "<group>";
		};
/* End PBXGroup section */

/* Begin PBXNativeTarget section */
		A7622D4E254777D500A12AE4 /* Parstagram */ = {
			isa = PBXNativeTarget;
			buildConfigurationList = A7622D79254777D800A12AE4 /* Build configuration list for PBXNativeTarget "Parstagram" */;
			buildPhases = (
				46F3A987446EEB72144F16B9 /* [CP] Check Pods Manifest.lock */,
				A7622D4B254777D500A12AE4 /* Sources */,
				A7622D4C254777D500A12AE4 /* Frameworks */,
				A7622D4D254777D500A12AE4 /* Resources */,
				070B1DAC575C032732413CEB /* [CP] Embed Pods Frameworks */,
			);
			buildRules = (
			);
			dependencies = (
			);
			name = Parstagram;
			productName = Parstagram;
			productReference = A7622D4F254777D500A12AE4 /* Parstagram.app */;
			productType = "com.apple.product-type.application";
		};
		A7622D64254777D800A12AE4 /* ParstagramTests */ = {
			isa = PBXNativeTarget;
			buildConfigurationList = A7622D7C254777D800A12AE4 /* Build configuration list for PBXNativeTarget "ParstagramTests" */;
			buildPhases = (
				05472DDE9C10A07BB4FB1C6E /* [CP] Check Pods Manifest.lock */,
				A7622D61254777D800A12AE4 /* Sources */,
				A7622D62254777D800A12AE4 /* Frameworks */,
				A7622D63254777D800A12AE4 /* Resources */,
			);
			buildRules = (
			);
			dependencies = (
				A7622D67254777D800A12AE4 /* PBXTargetDependency */,
			);
			name = ParstagramTests;
			productName = ParstagramTests;
			productReference = A7622D65254777D800A12AE4 /* ParstagramTests.xctest */;
			productType = "com.apple.product-type.bundle.unit-test";
		};
		A7622D6F254777D800A12AE4 /* ParstagramUITests */ = {
			isa = PBXNativeTarget;
			buildConfigurationList = A7622D7F254777D800A12AE4 /* Build configuration list for PBXNativeTarget "ParstagramUITests" */;
			buildPhases = (
				18E458E20D92A493C96BCFD6 /* [CP] Check Pods Manifest.lock */,
				A7622D6C254777D800A12AE4 /* Sources */,
				A7622D6D254777D800A12AE4 /* Frameworks */,
				A7622D6E254777D800A12AE4 /* Resources */,
				D075A5FB6F892290A0DE83AB /* [CP] Embed Pods Frameworks */,
			);
			buildRules = (
			);
			dependencies = (
				A7622D72254777D800A12AE4 /* PBXTargetDependency */,
			);
			name = ParstagramUITests;
			productName = ParstagramUITests;
			productReference = A7622D70254777D800A12AE4 /* ParstagramUITests.xctest */;
			productType = "com.apple.product-type.bundle.ui-testing";
		};
/* End PBXNativeTarget section */

/* Begin PBXProject section */
		A7622D47254777D500A12AE4 /* Project object */ = {
			isa = PBXProject;
			attributes = {
				LastSwiftUpdateCheck = 1200;
				LastUpgradeCheck = 1200;
				TargetAttributes = {
					A7622D4E254777D500A12AE4 = {
						CreatedOnToolsVersion = 12.0.1;
					};
					A7622D64254777D800A12AE4 = {
						CreatedOnToolsVersion = 12.0.1;
						TestTargetID = A7622D4E254777D500A12AE4;
					};
					A7622D6F254777D800A12AE4 = {
						CreatedOnToolsVersion = 12.0.1;
						TestTargetID = A7622D4E254777D500A12AE4;
					};
				};
			};
			buildConfigurationList = A7622D4A254777D500A12AE4 /* Build configuration list for PBXProject "Parstagram" */;
			compatibilityVersion = "Xcode 9.3";
			developmentRegion = en;
			hasScannedForEncodings = 0;
			knownRegions = (
				en,
				Base,
			);
			mainGroup = A7622D46254777D500A12AE4;
			productRefGroup = A7622D50254777D500A12AE4 /* Products */;
			projectDirPath = "";
			projectRoot = "";
			targets = (
				A7622D4E254777D500A12AE4 /* Parstagram */,
				A7622D64254777D800A12AE4 /* ParstagramTests */,
				A7622D6F254777D800A12AE4 /* ParstagramUITests */,
			);
		};
/* End PBXProject section */

/* Begin PBXResourcesBuildPhase section */
		A7622D4D254777D500A12AE4 /* Resources */ = {
			isa = PBXResourcesBuildPhase;
			buildActionMask = 2147483647;
			files = (
				A7622D5F254777D800A12AE4 /* LaunchScreen.storyboard in Resources */,
				A7622D5C254777D800A12AE4 /* Assets.xcassets in Resources */,
				A7622D5A254777D500A12AE4 /* Main.storyboard in Resources */,
			);
			runOnlyForDeploymentPostprocessing = 0;
		};
		A7622D63254777D800A12AE4 /* Resources */ = {
			isa = PBXResourcesBuildPhase;
			buildActionMask = 2147483647;
			files = (
			);
			runOnlyForDeploymentPostprocessing = 0;
		};
		A7622D6E254777D800A12AE4 /* Resources */ = {
			isa = PBXResourcesBuildPhase;
			buildActionMask = 2147483647;
			files = (
			);
			runOnlyForDeploymentPostprocessing = 0;
		};
/* End PBXResourcesBuildPhase section */

/* Begin PBXShellScriptBuildPhase section */
		05472DDE9C10A07BB4FB1C6E /* [CP] Check Pods Manifest.lock */ = {
			isa = PBXShellScriptBuildPhase;
			buildActionMask = 2147483647;
			files = (
			);
			inputFileListPaths = (
			);
			inputPaths = (
				"${PODS_PODFILE_DIR_PATH}/Podfile.lock",
				"${PODS_ROOT}/Manifest.lock",
			);
			name = "[CP] Check Pods Manifest.lock";
			outputFileListPaths = (
			);
			outputPaths = (
				"$(DERIVED_FILE_DIR)/Pods-ParstagramTests-checkManifestLockResult.txt",
			);
			runOnlyForDeploymentPostprocessing = 0;
			shellPath = /bin/sh;
			shellScript = "diff \"${PODS_PODFILE_DIR_PATH}/Podfile.lock\" \"${PODS_ROOT}/Manifest.lock\" > /dev/null\nif [ $? != 0 ] ; then\n    # print error to STDERR\n    echo \"error: The sandbox is not in sync with the Podfile.lock. Run 'pod install' or update your CocoaPods installation.\" >&2\n    exit 1\nfi\n# This output is used by Xcode 'outputs' to avoid re-running this script phase.\necho \"SUCCESS\" > \"${SCRIPT_OUTPUT_FILE_0}\"\n";
			showEnvVarsInLog = 0;
		};
		070B1DAC575C032732413CEB /* [CP] Embed Pods Frameworks */ = {
			isa = PBXShellScriptBuildPhase;
			buildActionMask = 2147483647;
			files = (
			);
			inputFileListPaths = (
				"${PODS_ROOT}/Target Support Files/Pods-Parstagram/Pods-Parstagram-frameworks-${CONFIGURATION}-input-files.xcfilelist",
			);
			name = "[CP] Embed Pods Frameworks";
			outputFileListPaths = (
				"${PODS_ROOT}/Target Support Files/Pods-Parstagram/Pods-Parstagram-frameworks-${CONFIGURATION}-output-files.xcfilelist",
			);
			runOnlyForDeploymentPostprocessing = 0;
			shellPath = /bin/sh;
			shellScript = "\"${PODS_ROOT}/Target Support Files/Pods-Parstagram/Pods-Parstagram-frameworks.sh\"\n";
			showEnvVarsInLog = 0;
		};
		18E458E20D92A493C96BCFD6 /* [CP] Check Pods Manifest.lock */ = {
			isa = PBXShellScriptBuildPhase;
			buildActionMask = 2147483647;
			files = (
			);
			inputFileListPaths = (
			);
			inputPaths = (
				"${PODS_PODFILE_DIR_PATH}/Podfile.lock",
				"${PODS_ROOT}/Manifest.lock",
			);
			name = "[CP] Check Pods Manifest.lock";
			outputFileListPaths = (
			);
			outputPaths = (
				"$(DERIVED_FILE_DIR)/Pods-Parstagram-ParstagramUITests-checkManifestLockResult.txt",
			);
			runOnlyForDeploymentPostprocessing = 0;
			shellPath = /bin/sh;
			shellScript = "diff \"${PODS_PODFILE_DIR_PATH}/Podfile.lock\" \"${PODS_ROOT}/Manifest.lock\" > /dev/null\nif [ $? != 0 ] ; then\n    # print error to STDERR\n    echo \"error: The sandbox is not in sync with the Podfile.lock. Run 'pod install' or update your CocoaPods installation.\" >&2\n    exit 1\nfi\n# This output is used by Xcode 'outputs' to avoid re-running this script phase.\necho \"SUCCESS\" > \"${SCRIPT_OUTPUT_FILE_0}\"\n";
			showEnvVarsInLog = 0;
		};
		46F3A987446EEB72144F16B9 /* [CP] Check Pods Manifest.lock */ = {
			isa = PBXShellScriptBuildPhase;
			buildActionMask = 2147483647;
			files = (
			);
			inputFileListPaths = (
			);
			inputPaths = (
				"${PODS_PODFILE_DIR_PATH}/Podfile.lock",
				"${PODS_ROOT}/Manifest.lock",
			);
			name = "[CP] Check Pods Manifest.lock";
			outputFileListPaths = (
			);
			outputPaths = (
				"$(DERIVED_FILE_DIR)/Pods-Parstagram-checkManifestLockResult.txt",
			);
			runOnlyForDeploymentPostprocessing = 0;
			shellPath = /bin/sh;
			shellScript = "diff \"${PODS_PODFILE_DIR_PATH}/Podfile.lock\" \"${PODS_ROOT}/Manifest.lock\" > /dev/null\nif [ $? != 0 ] ; then\n    # print error to STDERR\n    echo \"error: The sandbox is not in sync with the Podfile.lock. Run 'pod install' or update your CocoaPods installation.\" >&2\n    exit 1\nfi\n# This output is used by Xcode 'outputs' to avoid re-running this script phase.\necho \"SUCCESS\" > \"${SCRIPT_OUTPUT_FILE_0}\"\n";
			showEnvVarsInLog = 0;
		};
		D075A5FB6F892290A0DE83AB /* [CP] Embed Pods Frameworks */ = {
			isa = PBXShellScriptBuildPhase;
			buildActionMask = 2147483647;
			files = (
			);
			inputFileListPaths = (
				"${PODS_ROOT}/Target Support Files/Pods-Parstagram-ParstagramUITests/Pods-Parstagram-ParstagramUITests-frameworks-${CONFIGURATION}-input-files.xcfilelist",
			);
			name = "[CP] Embed Pods Frameworks";
			outputFileListPaths = (
				"${PODS_ROOT}/Target Support Files/Pods-Parstagram-ParstagramUITests/Pods-Parstagram-ParstagramUITests-frameworks-${CONFIGURATION}-output-files.xcfilelist",
			);
			runOnlyForDeploymentPostprocessing = 0;
			shellPath = /bin/sh;
			shellScript = "\"${PODS_ROOT}/Target Support Files/Pods-Parstagram-ParstagramUITests/Pods-Parstagram-ParstagramUITests-frameworks.sh\"\n";
			showEnvVarsInLog = 0;
		};
/* End PBXShellScriptBuildPhase section */

/* Begin PBXSourcesBuildPhase section */
		A7622D4B254777D500A12AE4 /* Sources */ = {
			isa = PBXSourcesBuildPhase;
			buildActionMask = 2147483647;
			files = (
				A7622D8C25477B7B00A12AE4 /* LoginViewController.swift in Sources */,
				A7622D9F2547992200A12AE4 /* CameraViewController.swift in Sources */,
				A7622D53254777D500A12AE4 /* AppDelegate.swift in Sources */,
				A7622D9125477B8A00A12AE4 /* FeedViewController.swift in Sources */,
				A7622D55254777D500A12AE4 /* SceneDelegate.swift in Sources */,
				A7622DCE2547B68500A12AE4 /* PostCell.swift in Sources */,
			);
			runOnlyForDeploymentPostprocessing = 0;
		};
		A7622D61254777D800A12AE4 /* Sources */ = {
			isa = PBXSourcesBuildPhase;
			buildActionMask = 2147483647;
			files = (
				A7622D6A254777D800A12AE4 /* ParstagramTests.swift in Sources */,
			);
			runOnlyForDeploymentPostprocessing = 0;
		};
		A7622D6C254777D800A12AE4 /* Sources */ = {
			isa = PBXSourcesBuildPhase;
			buildActionMask = 2147483647;
			files = (
				A7622D75254777D800A12AE4 /* ParstagramUITests.swift in Sources */,
			);
			runOnlyForDeploymentPostprocessing = 0;
		};
/* End PBXSourcesBuildPhase section */

/* Begin PBXTargetDependency section */
		A7622D67254777D800A12AE4 /* PBXTargetDependency */ = {
			isa = PBXTargetDependency;
			target = A7622D4E254777D500A12AE4 /* Parstagram */;
			targetProxy = A7622D66254777D800A12AE4 /* PBXContainerItemProxy */;
		};
		A7622D72254777D800A12AE4 /* PBXTargetDependency */ = {
			isa = PBXTargetDependency;
			target = A7622D4E254777D500A12AE4 /* Parstagram */;
			targetProxy = A7622D71254777D800A12AE4 /* PBXContainerItemProxy */;
		};
/* End PBXTargetDependency section */

/* Begin PBXVariantGroup section */
		A7622D58254777D500A12AE4 /* Main.storyboard */ = {
			isa = PBXVariantGroup;
			children = (
				A7622D59254777D500A12AE4 /* Base */,
			);
			name = Main.storyboard;
			sourceTree = "<group>";
		};
		A7622D5D254777D800A12AE4 /* LaunchScreen.storyboard */ = {
			isa = PBXVariantGroup;
			children = (
				A7622D5E254777D800A12AE4 /* Base */,
			);
			name = LaunchScreen.storyboard;
			sourceTree = "<group>";
		};
/* End PBXVariantGroup section */

/* Begin XCBuildConfiguration section */
		A7622D77254777D800A12AE4 /* Debug */ = {
			isa = XCBuildConfiguration;
			buildSettings = {
				ALWAYS_SEARCH_USER_PATHS = NO;
				CLANG_ANALYZER_NONNULL = YES;
				CLANG_ANALYZER_NUMBER_OBJECT_CONVERSION = YES_AGGRESSIVE;
				CLANG_CXX_LANGUAGE_STANDARD = "gnu++14";
				CLANG_CXX_LIBRARY = "libc++";
				CLANG_ENABLE_MODULES = YES;
				CLANG_ENABLE_OBJC_ARC = YES;
				CLANG_ENABLE_OBJC_WEAK = YES;
				CLANG_WARN_BLOCK_CAPTURE_AUTORELEASING = YES;
				CLANG_WARN_BOOL_CONVERSION = YES;
				CLANG_WARN_COMMA = YES;
				CLANG_WARN_CONSTANT_CONVERSION = YES;
				CLANG_WARN_DEPRECATED_OBJC_IMPLEMENTATIONS = YES;
				CLANG_WARN_DIRECT_OBJC_ISA_USAGE = YES_ERROR;
				CLANG_WARN_DOCUMENTATION_COMMENTS = YES;
				CLANG_WARN_EMPTY_BODY = YES;
				CLANG_WARN_ENUM_CONVERSION = YES;
				CLANG_WARN_INFINITE_RECURSION = YES;
				CLANG_WARN_INT_CONVERSION = YES;
				CLANG_WARN_NON_LITERAL_NULL_CONVERSION = YES;
				CLANG_WARN_OBJC_IMPLICIT_RETAIN_SELF = YES;
				CLANG_WARN_OBJC_LITERAL_CONVERSION = YES;
				CLANG_WARN_OBJC_ROOT_CLASS = YES_ERROR;
				CLANG_WARN_QUOTED_INCLUDE_IN_FRAMEWORK_HEADER = YES;
				CLANG_WARN_RANGE_LOOP_ANALYSIS = YES;
				CLANG_WARN_STRICT_PROTOTYPES = YES;
				CLANG_WARN_SUSPICIOUS_MOVE = YES;
				CLANG_WARN_UNGUARDED_AVAILABILITY = YES_AGGRESSIVE;
				CLANG_WARN_UNREACHABLE_CODE = YES;
				CLANG_WARN__DUPLICATE_METHOD_MATCH = YES;
				COPY_PHASE_STRIP = NO;
				DEBUG_INFORMATION_FORMAT = dwarf;
				ENABLE_STRICT_OBJC_MSGSEND = YES;
				ENABLE_TESTABILITY = YES;
				GCC_C_LANGUAGE_STANDARD = gnu11;
				GCC_DYNAMIC_NO_PIC = NO;
				GCC_NO_COMMON_BLOCKS = YES;
				GCC_OPTIMIZATION_LEVEL = 0;
				GCC_PREPROCESSOR_DEFINITIONS = (
					"DEBUG=1",
					"$(inherited)",
				);
				GCC_WARN_64_TO_32_BIT_CONVERSION = YES;
				GCC_WARN_ABOUT_RETURN_TYPE = YES_ERROR;
				GCC_WARN_UNDECLARED_SELECTOR = YES;
				GCC_WARN_UNINITIALIZED_AUTOS = YES_AGGRESSIVE;
				GCC_WARN_UNUSED_FUNCTION = YES;
				GCC_WARN_UNUSED_VARIABLE = YES;
				IPHONEOS_DEPLOYMENT_TARGET = 14.0;
				MTL_ENABLE_DEBUG_INFO = INCLUDE_SOURCE;
				MTL_FAST_MATH = YES;
				ONLY_ACTIVE_ARCH = YES;
				SDKROOT = iphoneos;
				SWIFT_ACTIVE_COMPILATION_CONDITIONS = DEBUG;
				SWIFT_OPTIMIZATION_LEVEL = "-Onone";
			};
			name = Debug;
		};
		A7622D78254777D800A12AE4 /* Release */ = {
			isa = XCBuildConfiguration;
			buildSettings = {
				ALWAYS_SEARCH_USER_PATHS = NO;
				CLANG_ANALYZER_NONNULL = YES;
				CLANG_ANALYZER_NUMBER_OBJECT_CONVERSION = YES_AGGRESSIVE;
				CLANG_CXX_LANGUAGE_STANDARD = "gnu++14";
				CLANG_CXX_LIBRARY = "libc++";
				CLANG_ENABLE_MODULES = YES;
				CLANG_ENABLE_OBJC_ARC = YES;
				CLANG_ENABLE_OBJC_WEAK = YES;
				CLANG_WARN_BLOCK_CAPTURE_AUTORELEASING = YES;
				CLANG_WARN_BOOL_CONVERSION = YES;
				CLANG_WARN_COMMA = YES;
				CLANG_WARN_CONSTANT_CONVERSION = YES;
				CLANG_WARN_DEPRECATED_OBJC_IMPLEMENTATIONS = YES;
				CLANG_WARN_DIRECT_OBJC_ISA_USAGE = YES_ERROR;
				CLANG_WARN_DOCUMENTATION_COMMENTS = YES;
				CLANG_WARN_EMPTY_BODY = YES;
				CLANG_WARN_ENUM_CONVERSION = YES;
				CLANG_WARN_INFINITE_RECURSION = YES;
				CLANG_WARN_INT_CONVERSION = YES;
				CLANG_WARN_NON_LITERAL_NULL_CONVERSION = YES;
				CLANG_WARN_OBJC_IMPLICIT_RETAIN_SELF = YES;
				CLANG_WARN_OBJC_LITERAL_CONVERSION = YES;
				CLANG_WARN_OBJC_ROOT_CLASS = YES_ERROR;
				CLANG_WARN_QUOTED_INCLUDE_IN_FRAMEWORK_HEADER = YES;
				CLANG_WARN_RANGE_LOOP_ANALYSIS = YES;
				CLANG_WARN_STRICT_PROTOTYPES = YES;
				CLANG_WARN_SUSPICIOUS_MOVE = YES;
				CLANG_WARN_UNGUARDED_AVAILABILITY = YES_AGGRESSIVE;
				CLANG_WARN_UNREACHABLE_CODE = YES;
				CLANG_WARN__DUPLICATE_METHOD_MATCH = YES;
				COPY_PHASE_STRIP = NO;
				DEBUG_INFORMATION_FORMAT = "dwarf-with-dsym";
				ENABLE_NS_ASSERTIONS = NO;
				ENABLE_STRICT_OBJC_MSGSEND = YES;
				GCC_C_LANGUAGE_STANDARD = gnu11;
				GCC_NO_COMMON_BLOCKS = YES;
				GCC_WARN_64_TO_32_BIT_CONVERSION = YES;
				GCC_WARN_ABOUT_RETURN_TYPE = YES_ERROR;
				GCC_WARN_UNDECLARED_SELECTOR = YES;
				GCC_WARN_UNINITIALIZED_AUTOS = YES_AGGRESSIVE;
				GCC_WARN_UNUSED_FUNCTION = YES;
				GCC_WARN_UNUSED_VARIABLE = YES;
				IPHONEOS_DEPLOYMENT_TARGET = 14.0;
				MTL_ENABLE_DEBUG_INFO = NO;
				MTL_FAST_MATH = YES;
				SDKROOT = iphoneos;
				SWIFT_COMPILATION_MODE = wholemodule;
				SWIFT_OPTIMIZATION_LEVEL = "-O";
				VALIDATE_PRODUCT = YES;
			};
			name = Release;
		};
		A7622D7A254777D800A12AE4 /* Debug */ = {
			isa = XCBuildConfiguration;
			baseConfigurationReference = 9AC4DB6F18BE17A481D0898D /* Pods-Parstagram.debug.xcconfig */;
			buildSettings = {
				ASSETCATALOG_COMPILER_APPICON_NAME = AppIcon;
				ASSETCATALOG_COMPILER_GLOBAL_ACCENT_COLOR_NAME = AccentColor;
				CODE_SIGN_STYLE = Automatic;
				DEVELOPMENT_TEAM = 8ZH455U7QF;
				INFOPLIST_FILE = Parstagram/Info.plist;
				LD_RUNPATH_SEARCH_PATHS = (
					"$(inherited)",
					"@executable_path/Frameworks",
				);
				PRODUCT_BUNDLE_IDENTIFIER = Aidan.Parstagram;
				PRODUCT_NAME = "$(TARGET_NAME)";
				SWIFT_VERSION = 5.0;
				TARGETED_DEVICE_FAMILY = "1,2";
			};
			name = Debug;
		};
		A7622D7B254777D800A12AE4 /* Release */ = {
			isa = XCBuildConfiguration;
			baseConfigurationReference = 8F8A4E57091BABF3ED19814B /* Pods-Parstagram.release.xcconfig */;
			buildSettings = {
				ASSETCATALOG_COMPILER_APPICON_NAME = AppIcon;
				ASSETCATALOG_COMPILER_GLOBAL_ACCENT_COLOR_NAME = AccentColor;
				CODE_SIGN_STYLE = Automatic;
				DEVELOPMENT_TEAM = 8ZH455U7QF;
				INFOPLIST_FILE = Parstagram/Info.plist;
				LD_RUNPATH_SEARCH_PATHS = (
					"$(inherited)",
					"@executable_path/Frameworks",
				);
				PRODUCT_BUNDLE_IDENTIFIER = Aidan.Parstagram;
				PRODUCT_NAME = "$(TARGET_NAME)";
				SWIFT_VERSION = 5.0;
				TARGETED_DEVICE_FAMILY = "1,2";
			};
			name = Release;
		};
		A7622D7D254777D800A12AE4 /* Debug */ = {
			isa = XCBuildConfiguration;
			baseConfigurationReference = 8FB3B2A0BB8E9C188285105F /* Pods-ParstagramTests.debug.xcconfig */;
			buildSettings = {
				ALWAYS_EMBED_SWIFT_STANDARD_LIBRARIES = YES;
				BUNDLE_LOADER = "$(TEST_HOST)";
				CODE_SIGN_STYLE = Automatic;
				DEVELOPMENT_TEAM = 8ZH455U7QF;
				INFOPLIST_FILE = ParstagramTests/Info.plist;
				IPHONEOS_DEPLOYMENT_TARGET = 14.0;
				LD_RUNPATH_SEARCH_PATHS = (
					"$(inherited)",
					"@executable_path/Frameworks",
					"@loader_path/Frameworks",
				);
				PRODUCT_BUNDLE_IDENTIFIER = Aidan.ParstagramTests;
				PRODUCT_NAME = "$(TARGET_NAME)";
				SWIFT_VERSION = 5.0;
				TARGETED_DEVICE_FAMILY = "1,2";
				TEST_HOST = "$(BUILT_PRODUCTS_DIR)/Parstagram.app/Parstagram";
			};
			name = Debug;
		};
		A7622D7E254777D800A12AE4 /* Release */ = {
			isa = XCBuildConfiguration;
			baseConfigurationReference = FE0E4F9D36DEC1772D6C6BC7 /* Pods-ParstagramTests.release.xcconfig */;
			buildSettings = {
				ALWAYS_EMBED_SWIFT_STANDARD_LIBRARIES = YES;
				BUNDLE_LOADER = "$(TEST_HOST)";
				CODE_SIGN_STYLE = Automatic;
				DEVELOPMENT_TEAM = 8ZH455U7QF;
				INFOPLIST_FILE = ParstagramTests/Info.plist;
				IPHONEOS_DEPLOYMENT_TARGET = 14.0;
				LD_RUNPATH_SEARCH_PATHS = (
					"$(inherited)",
					"@executable_path/Frameworks",
					"@loader_path/Frameworks",
				);
				PRODUCT_BUNDLE_IDENTIFIER = Aidan.ParstagramTests;
				PRODUCT_NAME = "$(TARGET_NAME)";
				SWIFT_VERSION = 5.0;
				TARGETED_DEVICE_FAMILY = "1,2";
				TEST_HOST = "$(BUILT_PRODUCTS_DIR)/Parstagram.app/Parstagram";
			};
			name = Release;
		};
		A7622D80254777D800A12AE4 /* Debug */ = {
			isa = XCBuildConfiguration;
			baseConfigurationReference = 2A91E9BDCB302357F1CBE9EE /* Pods-Parstagram-ParstagramUITests.debug.xcconfig */;
			buildSettings = {
				ALWAYS_EMBED_SWIFT_STANDARD_LIBRARIES = YES;
				CODE_SIGN_STYLE = Automatic;
				DEVELOPMENT_TEAM = 8ZH455U7QF;
				INFOPLIST_FILE = ParstagramUITests/Info.plist;
				LD_RUNPATH_SEARCH_PATHS = (
					"$(inherited)",
					"@executable_path/Frameworks",
					"@loader_path/Frameworks",
				);
				PRODUCT_BUNDLE_IDENTIFIER = Aidan.ParstagramUITests;
				PRODUCT_NAME = "$(TARGET_NAME)";
				SWIFT_VERSION = 5.0;
				TARGETED_DEVICE_FAMILY = "1,2";
				TEST_TARGET_NAME = Parstagram;
			};
			name = Debug;
		};
		A7622D81254777D800A12AE4 /* Release */ = {
			isa = XCBuildConfiguration;
			baseConfigurationReference = 36FFB181840AD552E247C63B /* Pods-Parstagram-ParstagramUITests.release.xcconfig */;
			buildSettings = {
				ALWAYS_EMBED_SWIFT_STANDARD_LIBRARIES = YES;
				CODE_SIGN_STYLE = Automatic;
				DEVELOPMENT_TEAM = 8ZH455U7QF;
				INFOPLIST_FILE = ParstagramUITests/Info.plist;
				LD_RUNPATH_SEARCH_PATHS = (
					"$(inherited)",
					"@executable_path/Frameworks",
					"@loader_path/Frameworks",
				);
				PRODUCT_BUNDLE_IDENTIFIER = Aidan.ParstagramUITests;
				PRODUCT_NAME = "$(TARGET_NAME)";
				SWIFT_VERSION = 5.0;
				TARGETED_DEVICE_FAMILY = "1,2";
				TEST_TARGET_NAME = Parstagram;
			};
			name = Release;
		};
/* End XCBuildConfiguration section */

/* Begin XCConfigurationList section */
		A7622D4A254777D500A12AE4 /* Build configuration list for PBXProject "Parstagram" */ = {
			isa = XCConfigurationList;
			buildConfigurations = (
				A7622D77254777D800A12AE4 /* Debug */,
				A7622D78254777D800A12AE4 /* Release */,
			);
			defaultConfigurationIsVisible = 0;
			defaultConfigurationName = Release;
		};
		A7622D79254777D800A12AE4 /* Build configuration list for PBXNativeTarget "Parstagram" */ = {
			isa = XCConfigurationList;
			buildConfigurations = (
				A7622D7A254777D800A12AE4 /* Debug */,
				A7622D7B254777D800A12AE4 /* Release */,
			);
			defaultConfigurationIsVisible = 0;
			defaultConfigurationName = Release;
		};
		A7622D7C254777D800A12AE4 /* Build configuration list for PBXNativeTarget "ParstagramTests" */ = {
			isa = XCConfigurationList;
			buildConfigurations = (
				A7622D7D254777D800A12AE4 /* Debug */,
				A7622D7E254777D800A12AE4 /* Release */,
			);
			defaultConfigurationIsVisible = 0;
			defaultConfigurationName = Release;
		};
		A7622D7F254777D800A12AE4 /* Build configuration list for PBXNativeTarget "ParstagramUITests" */ = {
			isa = XCConfigurationList;
			buildConfigurations = (
				A7622D80254777D800A12AE4 /* Debug */,
				A7622D81254777D800A12AE4 /* Release */,
			);
			defaultConfigurationIsVisible = 0;
			defaultConfigurationName = Release;
		};
/* End XCConfigurationList section */
	};
	rootObject = A7622D47254777D500A12AE4 /* Project object */;
}
